
Microsoft Visual Studio Solution File, Format Version 12.00
# Visual Studio Version 17
VisualStudioVersion = 17.0.31919.166
MinimumVisualStudioVersion = 10.0.40219.1
Project("{FAE04EC0-301F-11D3-BF4B-00C04F79EFBC}") = "InventoryMS", "InventoryMS\InventoryMS.csproj", "{31E7D82E-76BB-4A2D-A3FB-6D5371DFDBD1}"
EndProject
Project("{FAE04EC0-301F-11D3-BF4B-00C04F79EFBC}") = "InventoryMS.Tests", "InventoryMS.Tests\InventoryMS.Tests.csproj", "{4843B2C6-A1A5-41E4-8B99-793030C914A7}"
EndProject
Global
	GlobalSection(SolutionConfigurationPlatforms) = preSolution
		Debug|Any CPU = Debug|Any CPU
		Release|Any CPU = Release|Any CPU
	EndGlobalSection
	GlobalSection(ProjectConfigurationPlatforms) = postSolution
		{31E7D82E-76BB-4A2D-A3FB-6D5371DFDBD1}.Debug|Any CPU.ActiveCfg = Debug|Any CPU
		{31E7D82E-76BB-4A2D-A3FB-6D5371DFDBD1}.Debug|Any CPU.Build.0 = Debug|Any CPU
		{31E7D82E-76BB-4A2D-A3FB-6D5371DFDBD1}.Release|Any CPU.ActiveCfg = Release|Any CPU
		{31E7D82E-76BB-4A2D-A3FB-6D5371DFDBD1}.Release|Any CPU.Build.0 = Release|Any CPU
		{4843B2C6-A1A5-41E4-8B99-793030C914A7}.Debug|Any CPU.ActiveCfg = Debug|Any CPU
		{4843B2C6-A1A5-41E4-8B99-793030C914A7}.Debug|Any CPU.Build.0 = Debug|Any CPU
		{4843B2C6-A1A5-41E4-8B99-793030C914A7}.Release|Any CPU.ActiveCfg = Release|Any CPU
		{4843B2C6-A1A5-41E4-8B99-793030C914A7}.Release|Any CPU.Build.0 = Release|Any CPU
	EndGlobalSection
	GlobalSection(SolutionProperties) = preSolution
		HideSolutionNode = FALSE
	EndGlobalSection
	GlobalSection(ExtensibilityGlobals) = postSolution
		SolutionGuid = {57C5FA6A-5B7A-4BCC-B536-07929D7B79BF}
	EndGlobalSection
EndGlobal
